
Microsoft Visual Studio Solution File, Format Version 12.00
# Visual Studio Version 17
VisualStudioVersion = 17.3.32922.545
MinimumVisualStudioVersion = 10.0.40219.1
Project("{FAE04EC0-301F-11D3-BF4B-00C04F79EFBC}") = "homeWork_ClassPayer", "homeWork_ClassPayer\homeWork_ClassPayer.csproj", "{75962905-CD02-49D7-A923-D569AA8576EF}"
EndProject
Global
	GlobalSection(SolutionConfigurationPlatforms) = preSolution
		Debug|Any CPU = Debug|Any CPU
		Release|Any CPU = Release|Any CPU
	EndGlobalSection
	GlobalSection(ProjectConfigurationPlatforms) = postSolution
		{75962905-CD02-49D7-A923-D569AA8576EF}.Debug|Any CPU.ActiveCfg = Debug|Any CPU
		{75962905-CD02-49D7-A923-D569AA8576EF}.Debug|Any CPU.Build.0 = Debug|Any CPU
		{75962905-CD02-49D7-A923-D569AA8576EF}.Release|Any CPU.ActiveCfg = Release|Any CPU
		{75962905-CD02-49D7-A923-D569AA8576EF}.Release|Any CPU.Build.0 = Release|Any CPU
	EndGlobalSection
	GlobalSection(SolutionProperties) = preSolution
		HideSolutionNode = FALSE
	EndGlobalSection
	GlobalSection(ExtensibilityGlobals) = postSolution
		SolutionGuid = {C2BAE04F-5FF0-4D76-8A2D-676D70889B14}
	EndGlobalSection
EndGlobal
